
Microsoft Visual Studio Solution File, Format Version 12.00
# Visual Studio Version 17
VisualStudioVersion = 17.11.35222.181
MinimumVisualStudioVersion = 10.0.40219.1
Project("{FAE04EC0-301F-11D3-BF4B-00C04F79EFBC}") = "BowlingSYS.UserDetails.Contracts", "BowlingSYS.UserDetails.Contracts\BowlingSYS.UserDetails.Contracts.csproj", "{40008C66-D3EC-426F-B5E5-795B3E59F3F7}"
EndProject
Project("{FAE04EC0-301F-11D3-BF4B-00C04F79EFBC}") = "BowlingSYS.UserDetails.Controllers", "BowlingSYS.UserDetails.Controllers\BowlingSYS.UserDetails.Controllers.csproj", "{222D1047-C2D6-46D4-ADDC-26A13D7AF5DD}"
EndProject
Project("{FAE04EC0-301F-11D3-BF4B-00C04F79EFBC}") = "BowlingSYS.UserDetails.DBConnect", "BowlingSYS.UserDetails.DBConnect\BowlingSYS.UserDetails.DBConnect.csproj", "{196E916E-ACD5-45CE-93EB-3E5BEABC5FBC}"
EndProject
Project("{FAE04EC0-301F-11D3-BF4B-00C04F79EFBC}") = "BowlingSYS.UserDetails.Entities", "BowlingSYS.UserDetails.Entities\BowlingSYS.UserDetails.Entities.csproj", "{23B9178F-EF93-4A59-B21C-D6F02032D595}"
EndProject
Project("{FAE04EC0-301F-11D3-BF4B-00C04F79EFBC}") = "BowlingSYS.UserDetails.Handlers", "BowlingSYS.UserDetails.Handlers\BowlingSYS.UserDetails.Handlers.csproj", "{E238FA90-FE60-42E2-858C-2CCA46CA9C92}"
EndProject
Project("{FAE04EC0-301F-11D3-BF4B-00C04F79EFBC}") = "BowlingSYS.UserDetails.Process", "BowlingSYS.UserDetails.Process\BowlingSYS.UserDetails.Process.csproj", "{1F546F74-ABA0-4DE0-B95B-65CB4172571C}"
EndProject
Global
	GlobalSection(SolutionConfigurationPlatforms) = preSolution
		Debug|Any CPU = Debug|Any CPU
		Release|Any CPU = Release|Any CPU
	EndGlobalSection
	GlobalSection(ProjectConfigurationPlatforms) = postSolution
		{40008C66-D3EC-426F-B5E5-795B3E59F3F7}.Debug|Any CPU.ActiveCfg = Debug|Any CPU
		{40008C66-D3EC-426F-B5E5-795B3E59F3F7}.Debug|Any CPU.Build.0 = Debug|Any CPU
		{40008C66-D3EC-426F-B5E5-795B3E59F3F7}.Release|Any CPU.ActiveCfg = Release|Any CPU
		{40008C66-D3EC-426F-B5E5-795B3E59F3F7}.Release|Any CPU.Build.0 = Release|Any CPU
		{222D1047-C2D6-46D4-ADDC-26A13D7AF5DD}.Debug|Any CPU.ActiveCfg = Debug|Any CPU
		{222D1047-C2D6-46D4-ADDC-26A13D7AF5DD}.Debug|Any CPU.Build.0 = Debug|Any CPU
		{222D1047-C2D6-46D4-ADDC-26A13D7AF5DD}.Release|Any CPU.ActiveCfg = Release|Any CPU
		{222D1047-C2D6-46D4-ADDC-26A13D7AF5DD}.Release|Any CPU.Build.0 = Release|Any CPU
		{196E916E-ACD5-45CE-93EB-3E5BEABC5FBC}.Debug|Any CPU.ActiveCfg = Debug|Any CPU
		{196E916E-ACD5-45CE-93EB-3E5BEABC5FBC}.Debug|Any CPU.Build.0 = Debug|Any CPU
		{196E916E-ACD5-45CE-93EB-3E5BEABC5FBC}.Release|Any CPU.ActiveCfg = Release|Any CPU
		{196E916E-ACD5-45CE-93EB-3E5BEABC5FBC}.Release|Any CPU.Build.0 = Release|Any CPU
		{23B9178F-EF93-4A59-B21C-D6F02032D595}.Debug|Any CPU.ActiveCfg = Debug|Any CPU
		{23B9178F-EF93-4A59-B21C-D6F02032D595}.Debug|Any CPU.Build.0 = Debug|Any CPU
		{23B9178F-EF93-4A59-B21C-D6F02032D595}.Release|Any CPU.ActiveCfg = Release|Any CPU
		{23B9178F-EF93-4A59-B21C-D6F02032D595}.Release|Any CPU.Build.0 = Release|Any CPU
		{E238FA90-FE60-42E2-858C-2CCA46CA9C92}.Debug|Any CPU.ActiveCfg = Debug|Any CPU
		{E238FA90-FE60-42E2-858C-2CCA46CA9C92}.Debug|Any CPU.Build.0 = Debug|Any CPU
		{E238FA90-FE60-42E2-858C-2CCA46CA9C92}.Release|Any CPU.ActiveCfg = Release|Any CPU
		{E238FA90-FE60-42E2-858C-2CCA46CA9C92}.Release|Any CPU.Build.0 = Release|Any CPU
		{1F546F74-ABA0-4DE0-B95B-65CB4172571C}.Debug|Any CPU.ActiveCfg = Debug|Any CPU
		{1F546F74-ABA0-4DE0-B95B-65CB4172571C}.Debug|Any CPU.Build.0 = Debug|Any CPU
		{1F546F74-ABA0-4DE0-B95B-65CB4172571C}.Release|Any CPU.ActiveCfg = Release|Any CPU
		{1F546F74-ABA0-4DE0-B95B-65CB4172571C}.Release|Any CPU.Build.0 = Release|Any CPU
	EndGlobalSection
	GlobalSection(SolutionProperties) = preSolution
		HideSolutionNode = FALSE
	EndGlobalSection
	GlobalSection(ExtensibilityGlobals) = postSolution
		SolutionGuid = {EB771BA7-2065-4DC2-8B8D-AB3776E6C6A3}
	EndGlobalSection
EndGlobal
